
Microsoft Visual Studio Solution File, Format Version 12.00
# Visual Studio Version 16
VisualStudioVersion = 16.0.29306.81
MinimumVisualStudioVersion = 10.0.40219.1
Project("{9A19103F-16F7-4668-BE54-9A1E7A4F7556}") = "MigratorModule.Console", "MigratorModule.Console\MigratorModule.Console.csproj", "{113C1E5F-30AB-4212-B73B-B1A8847DD1AD}"
EndProject
Global
	GlobalSection(SolutionConfigurationPlatforms) = preSolution
		Debug|Any CPU = Debug|Any CPU
		Release|Any CPU = Release|Any CPU
	EndGlobalSection
	GlobalSection(ProjectConfigurationPlatforms) = postSolution
		{113C1E5F-30AB-4212-B73B-B1A8847DD1AD}.Debug|Any CPU.ActiveCfg = Debug|Any CPU
		{113C1E5F-30AB-4212-B73B-B1A8847DD1AD}.Debug|Any CPU.Build.0 = Debug|Any CPU
		{113C1E5F-30AB-4212-B73B-B1A8847DD1AD}.Release|Any CPU.ActiveCfg = Release|Any CPU
		{113C1E5F-30AB-4212-B73B-B1A8847DD1AD}.Release|Any CPU.Build.0 = Release|Any CPU
	EndGlobalSection
	GlobalSection(SolutionProperties) = preSolution
		HideSolutionNode = FALSE
	EndGlobalSection
	GlobalSection(ExtensibilityGlobals) = postSolution
		SolutionGuid = {9504C35C-959F-48D4-9053-032516050918}
	EndGlobalSection
EndGlobal
